version = 1
revision = 3
requires-python = ">=3.14"

[[package]]
name = "colorama"
version = "0.4.6"
source = { registry = "https://pypi.org/simple" }
sdist = { url = "https://files.pythonhosted.org/packages/d8/53/6f443c9a4a8358a93a6792e2acffb9d9d5cb0a5cfd8802644b7b1c9a02e4/colorama-0.4.6.tar.gz", hash = "sha256:08695f5cb7ed6e0531a20572697297273c47b8cae5a63ffc6d6ed5c201be6e44", size = 27697, upload-time = "2022-10-25T02:36:22.414Z" }
wheels = [
    { url = "https://files.pythonhosted.org/packages/d1/d6/3965ed04c63042e047cb6a3e6ed1a63a35087b6a609aa3a15ed8ac56c221/colorama-0.4.6-py2.py3-none-any.whl", hash = "sha256:4f1d9991f5acc0ca119f9d443620b77f9d6b33703e51011c16baf57afb285fc6", size = 25335, upload-time = "2022-10-25T02:36:20.889Z" },
]

[[package]]
name = "dry-webview"
source = { editable = "." }

[package.dev-dependencies]
dev = [
    { name = "maturin" },
    { name = "ruff" },
    { name = "taskipy" },
]

[package.metadata]

[package.metadata.requires-dev]
dev = [
    { name = "maturin", specifier = ">=1.9" },
    { name = "ruff", specifier = ">=0.8.2" },
    { name = "taskipy", specifier = ">=1.14.1" },
]

[[package]]
name = "maturin"
version = "1.14.1"
source = { registry = "https://pypi.org/simple" }
sdist = { url = "https://files.pythonhosted.org/packages/e7/b3/addd877f871fb1860d46d3a4f206ecb10b946c85846805e6367631926fd3/maturin-1.14.1.tar.gz", hash = "sha256:9d6577a62cd08e0ceba7a0db06fb098e0c9b1b3429bad747a4f3a18215a1b3df", size = 369637, upload-time = "2026-06-19T05:19:49.774Z" }
wheels = [
    { url = "https://files.pythonhosted.org/packages/f4/f0/97c5a5bd9c71653a066c0976a484eaaae50b9369557838a4176b7b0bdaa5/maturin-1.14.1-py3-none-linux_armv6l.whl", hash = "sha256:522292398945442cdafa9daeb2271b2340fbde57027b818f923f88eab04174f8", size = 10207496, upload-time = "2026-06-19T05:19:09.321Z" },
    { url = "https://files.pythonhosted.org/packages/fe/83/294bca639b0e052f1e2f65199b3db258780c7d4e31408b934c9c974a1379/maturin-1.14.1-py3-none-macosx_10_12_x86_64.macosx_11_0_arm64.macosx_10_12_universal2.whl", hash = "sha256:ffe5ad71f21d1e6603c4dd75f7fee34adf5ed5ebcebb692886549888ebb329ed", size = 19680113, upload-time = "2026-06-19T05:19:13.43Z" },
    { url = "https://files.pythonhosted.org/packages/43/b6/79c881410a3b1c187f7eb3d407aecae646c6a4433d630d72200359015e83/maturin-1.14.1-py3-none-macosx_10_12_x86_64.whl", hash = "sha256:f3306078070c1508fd715b9116070cbcaff5959024272a9f1e6f5cb29768b86c", size = 10169205, upload-time = "2026-06-19T05:19:16.615Z" },
    { url = "https://files.pythonhosted.org/packages/93/9d/44b6f26dcb7f7a04c5501ac2dbb6ca1490150682baa525ca5860504f9eab/maturin-1.14.1-py3-none-manylinux_2_12_i686.manylinux2010_i686.musllinux_1_1_i686.whl", hash = "sha256:cd457cd88961156e26379e1155bd287cc0ec1c8b2f1582b0660fb31b87c8842d", size = 10188098, upload-time = "2026-06-19T05:19:19.736Z" },
    { url = "https://files.pythonhosted.org/packages/1a/bd/9c0d5d6983905ce2c9edaa073a7e89355a9cf7f396988e05d32f1c37785d/maturin-1.14.1-py3-none-manylinux_2_12_x86_64.manylinux2010_x86_64.musllinux_1_1_x86_64.whl", hash = "sha256:dfc54ae32e6fcb18302193ab9a30b0b25eefffba994ae13238974805533ef75e", size = 10627576, upload-time = "2026-06-19T05:19:22.713Z" },
    { url = "https://files.pythonhosted.org/packages/e5/33/b096412bd6a7cb399652b260666f901adf88a687181a6dbd6a3f89f0a94e/maturin-1.14.1-py3-none-manylinux_2_17_aarch64.manylinux2014_aarch64.musllinux_1_1_aarch64.whl", hash = "sha256:a131d912b5267e640bc96d70f4914e10590aed64082ec9abacba7cea52004224", size = 10085181, upload-time = "2026-06-19T05:19:25.69Z" },
    { url = "https://files.pythonhosted.org/packages/56/8d/08c3bf469c38a23c9e6c877e338193001eb604d010fedc08341974e38528/maturin-1.14.1-py3-none-manylinux_2_17_armv7l.manylinux2014_armv7l.musllinux_1_1_armv7l.whl", hash = "sha256:be18fc568fb76884c0205456336892a75105ec398e6b667cd777c6268bd06d69", size = 10026363, upload-time = "2026-06-19T05:19:28.904Z" },
    { url = "https://files.pythonhosted.org/packages/3a/a4/c4d1a92839f8745ab4aab988a7db884a79d6d710bd3b286fcf9316dece1a/maturin-1.14.1-py3-none-manylinux_2_17_ppc64le.manylinux2014_ppc64le.musllinux_1_1_ppc64le.whl", hash = "sha256:994a0c8ba3ad8a92b3a9ee1b02645d200d610216b15cff5102b0fe65e8e08666", size = 13321347, upload-time = "2026-06-19T05:19:32.411Z" },
    { url = "https://files.pythonhosted.org/packages/b3/fa/170f04624d03fd07d2a8b1b67de83a127af93aef9eaa425839553347297b/maturin-1.14.1-py3-none-manylinux_2_17_s390x.manylinux2014_s390x.whl", hash = "sha256:be80866363e605d137991b491a741a84cde9ae350183c4c85f49690ca9aaaa65", size = 10877609, upload-time = "2026-06-19T05:19:35.448Z" },
    { url = "https://files.pythonhosted.org/packages/61/ad/1ae2e1d0ded282bf2c55ac13f0811d87deb425e200ae64a15785675dede9/maturin-1.14.1-py3-none-manylinux_2_31_riscv64.musllinux_1_1_riscv64.whl", hash = "sha256:5282dffd4b539d2be245f4e5b1a5ab6bc1033b58f4a4872f5833f9d43c954aa4", size = 10417316, upload-time = "2026-06-19T05:19:38.28Z" },
    { url = "https://files.pythonhosted.org/packages/fb/27/bf677183920718da49cd7982d6a3ffc440aad8919329f571d189f81b7bdf/maturin-1.14.1-py3-none-win32.whl", hash = "sha256:1a04de0a20188f95c721b5702eed18140bdcccb28c386797093eca3f62f4d4e0", size = 8931293, upload-time = "2026-06-19T05:19:41.183Z" },
    { url = "https://files.pythonhosted.org/packages/63/4b/585adeb9167b08d3cdff0032a938b0e72655c92003df4f52c3f696a1bcc2/maturin-1.14.1-py3-none-win_amd64.whl", hash = "sha256:3c9f94640ecc4895e94abaf834a0684430032c865b2748a36c12461fd9252fdd", size = 10314067, upload-time = "2026-06-19T05:19:44.389Z" },
    { url = "https://files.pythonhosted.org/packages/51/d4/dac8c0720ae246be1700afb6fbdbbea20fe35b13f6570b2f70faa005df77/maturin-1.14.1-py3-none-win_arm64.whl", hash = "sha256:15cea8fcb3ba47dd636f50092bb34baea8b04ac777392f23e6bf8a9a61efb894", size = 9718943, upload-time = "2026-06-19T05:19:47.49Z" },
]

[[package]]
name = "mslex"
version = "1.3.0"
source = { registry = "https://pypi.org/simple" }
sdist = { url = "https://files.pythonhosted.org/packages/e0/97/7022667073c99a0fe028f2e34b9bf76b49a611afd21b02527fbfd92d4cd5/mslex-1.3.0.tar.gz", hash = "sha256:641c887d1d3db610eee2af37a8e5abda3f70b3006cdfd2d0d29dc0d1ae28a85d", size = 11583, upload-time = "2024-10-16T13:16:18.523Z" }
wheels = [
    { url = "https://files.pythonhosted.org/packages/64/f2/66bd65ca0139675a0d7b18f0bada6e12b51a984e41a76dbe44761bf1b3ee/mslex-1.3.0-py3-none-any.whl", hash = "sha256:c7074b347201b3466fc077c5692fbce9b5f62a63a51f537a53fbbd02eff2eea4", size = 7820, upload-time = "2024-10-16T13:16:17.566Z" },
]

[[package]]
name = "psutil"
version = "6.1.0"
source = { registry = "https://pypi.org/simple" }
sdist = { url = "https://files.pythonhosted.org/packages/26/10/2a30b13c61e7cf937f4adf90710776b7918ed0a9c434e2c38224732af310/psutil-6.1.0.tar.gz", hash = "sha256:353815f59a7f64cdaca1c0307ee13558a0512f6db064e92fe833784f08539c7a", size = 508565, upload-time = "2024-10-17T21:31:45.68Z" }
wheels = [
    { url = "https://files.pythonhosted.org/packages/01/9e/8be43078a171381953cfee33c07c0d628594b5dbfc5157847b85022c2c1b/psutil-6.1.0-cp36-abi3-macosx_10_9_x86_64.whl", hash = "sha256:6e2dcd475ce8b80522e51d923d10c7871e45f20918e027ab682f94f1c6351688", size = 247762, upload-time = "2024-10-17T21:32:05.991Z" },
    { url = "https://files.pythonhosted.org/packages/1d/cb/313e80644ea407f04f6602a9e23096540d9dc1878755f3952ea8d3d104be/psutil-6.1.0-cp36-abi3-macosx_11_0_arm64.whl", hash = "sha256:0895b8414afafc526712c498bd9de2b063deaac4021a3b3c34566283464aff8e", size = 248777, upload-time = "2024-10-17T21:32:07.872Z" },
    { url = "https://files.pythonhosted.org/packages/65/8e/bcbe2025c587b5d703369b6a75b65d41d1367553da6e3f788aff91eaf5bd/psutil-6.1.0-cp36-abi3-manylinux_2_12_i686.manylinux2010_i686.manylinux_2_17_i686.manylinux2014_i686.whl", hash = "sha256:9dcbfce5d89f1d1f2546a2090f4fcf87c7f669d1d90aacb7d7582addece9fb38", size = 284259, upload-time = "2024-10-17T21:32:10.177Z" },
    { url = "https://files.pythonhosted.org/packages/58/4d/8245e6f76a93c98aab285a43ea71ff1b171bcd90c9d238bf81f7021fb233/psutil-6.1.0-cp36-abi3-manylinux_2_12_x86_64.manylinux2010_x86_64.manylinux_2_17_x86_64.manylinux2014_x86_64.whl", hash = "sha256:498c6979f9c6637ebc3a73b3f87f9eb1ec24e1ce53a7c5173b8508981614a90b", size = 287255, upload-time = "2024-10-17T21:32:11.964Z" },
    { url = "https://files.pythonhosted.org/packages/27/c2/d034856ac47e3b3cdfa9720d0e113902e615f4190d5d1bdb8df4b2015fb2/psutil-6.1.0-cp36-abi3-manylinux_2_17_aarch64.manylinux2014_aarch64.whl", hash = "sha256:d905186d647b16755a800e7263d43df08b790d709d575105d419f8b6ef65423a", size = 288804, upload-time = "2024-10-17T21:32:13.785Z" },
    { url = "https://files.pythonhosted.org/packages/ea/55/5389ed243c878725feffc0d6a3bc5ef6764312b6fc7c081faaa2cfa7ef37/psutil-6.1.0-cp37-abi3-win32.whl", hash = "sha256:1ad45a1f5d0b608253b11508f80940985d1d0c8f6111b5cb637533a0e6ddc13e", size = 250386, upload-time = "2024-10-17T21:32:21.399Z" },
    { url = "https://files.pythonhosted.org/packages/11/91/87fa6f060e649b1e1a7b19a4f5869709fbf750b7c8c262ee776ec32f3028/psutil-6.1.0-cp37-abi3-win_amd64.whl", hash = "sha256:a8fb3752b491d246034fa4d279ff076501588ce8cbcdbb62c32fd7a377d996be", size = 254228, upload-time = "2024-10-17T21:32:23.88Z" },
]

[[package]]
name = "ruff"
version = "0.8.2"
source = { registry = "https://pypi.org/simple" }
sdist = { url = "https://files.pythonhosted.org/packages/5e/2b/01245f4f3a727d60bebeacd7ee6d22586c7f62380a2597ddb22c2f45d018/ruff-0.8.2.tar.gz", hash = "sha256:b84f4f414dda8ac7f75075c1fa0b905ac0ff25361f42e6d5da681a465e0f78e5", size = 3349020, upload-time = "2024-12-05T12:49:22.876Z" }
wheels = [
    { url = "https://files.pythonhosted.org/packages/91/29/366be70216dba1731a00a41f2f030822b0c96c7c4f3b2c0cdce15cbace74/ruff-0.8.2-py3-none-linux_armv6l.whl", hash = "sha256:c49ab4da37e7c457105aadfd2725e24305ff9bc908487a9bf8d548c6dad8bb3d", size = 10530649, upload-time = "2024-12-05T12:48:23.319Z" },
    { url = "https://files.pythonhosted.org/packages/63/82/a733956540bb388f00df5a3e6a02467b16c0e529132625fe44ce4c5fb9c7/ruff-0.8.2-py3-none-macosx_10_12_x86_64.whl", hash = "sha256:ec016beb69ac16be416c435828be702ee694c0d722505f9c1f35e1b9c0cc1bf5", size = 10274069, upload-time = "2024-12-05T12:48:26.973Z" },
    { url = "https://files.pythonhosted.org/packages/3d/12/0b3aa14d1d71546c988a28e1b412981c1b80c8a1072e977a2f30c595cc4a/ruff-0.8.2-py3-none-macosx_11_0_arm64.whl", hash = "sha256:f05cdf8d050b30e2ba55c9b09330b51f9f97d36d4673213679b965d25a785f3c", size = 9909400, upload-time = "2024-12-05T12:48:30.686Z" },
    { url = "https://files.pythonhosted.org/packages/23/08/f9f08cefb7921784c891c4151cce6ed357ff49e84b84978440cffbc87408/ruff-0.8.2-py3-none-manylinux_2_17_aarch64.manylinux2014_aarch64.whl", hash = "sha256:60f578c11feb1d3d257b2fb043ddb47501ab4816e7e221fbb0077f0d5d4e7b6f", size = 10766782, upload-time = "2024-12-05T12:48:34.39Z" },
    { url = "https://files.pythonhosted.org/packages/e4/71/bf50c321ec179aa420c8ec40adac5ae9cc408d4d37283a485b19a2331ceb/ruff-0.8.2-py3-none-manylinux_2_17_armv7l.manylinux2014_armv7l.whl", hash = "sha256:cbd5cf9b0ae8f30eebc7b360171bd50f59ab29d39f06a670b3e4501a36ba5897", size = 10286316, upload-time = "2024-12-05T12:48:37.3Z" },
    { url = "https://files.pythonhosted.org/packages/f2/83/c82688a2a6117539aea0ce63fdf6c08e60fe0202779361223bcd7f40bd74/ruff-0.8.2-py3-none-manylinux_2_17_i686.manylinux2014_i686.whl", hash = "sha256:b402ddee3d777683de60ff76da801fa7e5e8a71038f57ee53e903afbcefdaa58", size = 11338270, upload-time = "2024-12-05T12:48:40.24Z" },
    { url = "https://files.pythonhosted.org/packages/7f/d7/bc6a45e5a22e627640388e703160afb1d77c572b1d0fda8b4349f334fc66/ruff-0.8.2-py3-none-manylinux_2_17_ppc64.manylinux2014_ppc64.whl", hash = "sha256:705832cd7d85605cb7858d8a13d75993c8f3ef1397b0831289109e953d833d29", size = 12058579, upload-time = "2024-12-05T12:48:43.966Z" },
    { url = "https://files.pythonhosted.org/packages/da/3b/64150c93946ec851e6f1707ff586bb460ca671581380c919698d6a9267dc/ruff-0.8.2-py3-none-manylinux_2_17_ppc64le.manylinux2014_ppc64le.whl", hash = "sha256:32096b41aaf7a5cc095fa45b4167b890e4c8d3fd217603f3634c92a541de7248", size = 11615172, upload-time = "2024-12-05T12:48:47.754Z" },
    { url = "https://files.pythonhosted.org/packages/e4/9e/cf12b697ea83cfe92ec4509ae414dc4c9b38179cc681a497031f0d0d9a8e/ruff-0.8.2-py3-none-manylinux_2_17_s390x.manylinux2014_s390x.whl", hash = "sha256:e769083da9439508833cfc7c23e351e1809e67f47c50248250ce1ac52c21fb93", size = 12882398, upload-time = "2024-12-05T12:48:52.363Z" },
    { url = "https://files.pythonhosted.org/packages/a9/27/96d10863accf76a9c97baceac30b0a52d917eb985a8ac058bd4636aeede0/ruff-0.8.2-py3-none-manylinux_2_17_x86_64.manylinux2014_x86_64.whl", hash = "sha256:5fe716592ae8a376c2673fdfc1f5c0c193a6d0411f90a496863c99cd9e2ae25d", size = 11176094, upload-time = "2024-12-05T12:48:56.491Z" },
    { url = "https://files.pythonhosted.org/packages/eb/10/cd2fd77d4a4e7f03c29351be0f53278a393186b540b99df68beb5304fddd/ruff-0.8.2-py3-none-musllinux_1_2_aarch64.whl", hash = "sha256:81c148825277e737493242b44c5388a300584d73d5774defa9245aaef55448b0", size = 10771884, upload-time = "2024-12-05T12:49:00.159Z" },
    { url = "https://files.pythonhosted.org/packages/71/5d/beabb2ff18870fc4add05fa3a69a4cb1b1d2d6f83f3cf3ae5ab0d52f455d/ruff-0.8.2-py3-none-musllinux_1_2_armv7l.whl", hash = "sha256:d261d7850c8367704874847d95febc698a950bf061c9475d4a8b7689adc4f7fa", size = 10382535, upload-time = "2024-12-05T12:49:03.661Z" },
    { url = "https://files.pythonhosted.org/packages/ae/29/6b3fdf3ad3e35b28d87c25a9ff4c8222ad72485ab783936b2b267250d7a7/ruff-0.8.2-py3-none-musllinux_1_2_i686.whl", hash = "sha256:1ca4e3a87496dc07d2427b7dd7ffa88a1e597c28dad65ae6433ecb9f2e4f022f", size = 10886995, upload-time = "2024-12-05T12:49:06.513Z" },
    { url = "https://files.pythonhosted.org/packages/e9/dc/859d889b4d9356a1a2cdbc1e4a0dda94052bc5b5300098647e51a58c430b/ruff-0.8.2-py3-none-musllinux_1_2_x86_64.whl", hash = "sha256:729850feed82ef2440aa27946ab39c18cb4a8889c1128a6d589ffa028ddcfc22", size = 11220750, upload-time = "2024-12-05T12:49:09.663Z" },
    { url = "https://files.pythonhosted.org/packages/0b/08/e8f519f61f1d624264bfd6b8829e4c5f31c3c61193bc3cff1f19dbe7626a/ruff-0.8.2-py3-none-win32.whl", hash = "sha256:ac42caaa0411d6a7d9594363294416e0e48fc1279e1b0e948391695db2b3d5b1", size = 8729396, upload-time = "2024-12-05T12:49:13.145Z" },
    { url = "https://files.pythonhosted.org/packages/f8/d4/ba1c7ab72aba37a2b71fe48ab95b80546dbad7a7f35ea28cf66fc5cea5f6/ruff-0.8.2-py3-none-win_amd64.whl", hash = "sha256:2aae99ec70abf43372612a838d97bfe77d45146254568d94926e8ed5bbb409ea", size = 9594729, upload-time = "2024-12-05T12:49:16.04Z" },
    { url = "https://files.pythonhosted.org/packages/23/34/db20e12d3db11b8a2a8874258f0f6d96a9a4d631659d54575840557164c8/ruff-0.8.2-py3-none-win_arm64.whl", hash = "sha256:fb88e2a506b70cfbc2de6fae6681c4f944f7dd5f2fe87233a7233d888bad73e8", size = 9035131, upload-time = "2024-12-05T12:49:19.667Z" },
]

[[package]]
name = "taskipy"
version = "1.14.1"
source = { registry = "https://pypi.org/simple" }
dependencies = [
    { name = "colorama" },
    { name = "mslex", marker = "sys_platform == 'win32'" },
    { name = "psutil" },
    { name = "tomli", marker = "python_full_version < '4'" },
]
sdist = { url = "https://files.pythonhosted.org/packages/c7/44/572261df3db9c6c3332f8618fafeb07a578fd18b06673c73f000f3586749/taskipy-1.14.1.tar.gz", hash = "sha256:410fbcf89692dfd4b9f39c2b49e1750b0a7b81affd0e2d7ea8c35f9d6a4774ed", size = 14475, upload-time = "2024-11-26T16:37:46.155Z" }
wheels = [
    { url = "https://files.pythonhosted.org/packages/55/97/4e4cfb1391c81e926bebe3d68d5231b5dbc3bb41c6ba48349e68a881462d/taskipy-1.14.1-py3-none-any.whl", hash = "sha256:6e361520f29a0fd2159848e953599f9c75b1d0b047461e4965069caeb94908f1", size = 13052, upload-time = "2024-11-26T16:37:44.546Z" },
]

[[package]]
name = "tomli"
version = "2.2.1"
source = { registry = "https://pypi.org/simple" }
sdist = { url = "https://files.pythonhosted.org/packages/18/87/302344fed471e44a87289cf4967697d07e532f2421fdaf868a303cbae4ff/tomli-2.2.1.tar.gz", hash = "sha256:cd45e1dc79c835ce60f7404ec8119f2eb06d38b1deba146f07ced3bbc44505ff", size = 17175, upload-time = "2024-11-27T22:38:36.873Z" }
wheels = [
    { url = "https://files.pythonhosted.org/packages/6e/c2/61d3e0f47e2b74ef40a68b9e6ad5984f6241a942f7cd3bbfbdbd03861ea9/tomli-2.2.1-py3-none-any.whl", hash = "sha256:cb55c73c5f4408779d0cf3eef9f762b9c9f147a77de7b258bef0a5628adc85cc", size = 14257, upload-time = "2024-11-27T22:38:35.385Z" },
]
